
Microsoft Visual Studio Solution File, Format Version 12.00
# Visual Studio Version 16
VisualStudioVersion = 16.0.32106.194
MinimumVisualStudioVersion = 10.0.40219.1
Project("{FAE04EC0-301F-11D3-BF4B-00C04F79EFBC}") = "Aplus.Android", "Aplus\Aplus.Android\Aplus.Android.csproj", "{6E95B0CB-5C52-4B60-B4F3-2EC5E252C996}"
EndProject
Project("{9A19103F-16F7-4668-BE54-9A1E7A4F7556}") = "Aplus", "Aplus\Aplus\Aplus.csproj", "{24BF2B49-2618-45AE-91B9-F0F8E1570266}"
EndProject
Global
	GlobalSection(SolutionConfigurationPlatforms) = preSolution
		Debug|Any CPU = Debug|Any CPU
		Release|Any CPU = Release|Any CPU
	EndGlobalSection
	GlobalSection(ProjectConfigurationPlatforms) = postSolution
		{6E95B0CB-5C52-4B60-B4F3-2EC5E252C996}.Debug|Any CPU.ActiveCfg = Debug|Any CPU
		{6E95B0CB-5C52-4B60-B4F3-2EC5E252C996}.Debug|Any CPU.Build.0 = Debug|Any CPU
		{6E95B0CB-5C52-4B60-B4F3-2EC5E252C996}.Debug|Any CPU.Deploy.0 = Debug|Any CPU
		{6E95B0CB-5C52-4B60-B4F3-2EC5E252C996}.Release|Any CPU.ActiveCfg = Release|Any CPU
		{6E95B0CB-5C52-4B60-B4F3-2EC5E252C996}.Release|Any CPU.Build.0 = Release|Any CPU
		{6E95B0CB-5C52-4B60-B4F3-2EC5E252C996}.Release|Any CPU.Deploy.0 = Release|Any CPU
		{24BF2B49-2618-45AE-91B9-F0F8E1570266}.Debug|Any CPU.ActiveCfg = Debug|Any CPU
		{24BF2B49-2618-45AE-91B9-F0F8E1570266}.Debug|Any CPU.Build.0 = Debug|Any CPU
		{24BF2B49-2618-45AE-91B9-F0F8E1570266}.Debug|Any CPU.Deploy.0 = Debug|Any CPU
		{24BF2B49-2618-45AE-91B9-F0F8E1570266}.Release|Any CPU.ActiveCfg = Release|Any CPU
		{24BF2B49-2618-45AE-91B9-F0F8E1570266}.Release|Any CPU.Build.0 = Release|Any CPU
		{24BF2B49-2618-45AE-91B9-F0F8E1570266}.Release|Any CPU.Deploy.0 = Release|Any CPU
	EndGlobalSection
	GlobalSection(SolutionProperties) = preSolution
		HideSolutionNode = FALSE
	EndGlobalSection
	GlobalSection(ExtensibilityGlobals) = postSolution
		SolutionGuid = {D68EB89F-095D-49A9-8CAF-708CDAA75BA3}
	EndGlobalSection
EndGlobal
